
Microsoft Visual Studio Solution File, Format Version 12.00
# Visual Studio Version 17
VisualStudioVersion = 17.0.31903.59
MinimumVisualStudioVersion = 10.0.40219.1
Project("{FAE04EC0-301F-11D3-BF4B-00C04F79EFBC}") = "FusionDedicated", "FusionDedicated\FusionDedicated.csproj", "{4F4A469F-38B5-4013-AC28-B589E9DFB313}"
EndProject
Project("{FAE04EC0-301F-11D3-BF4B-00C04F79EFBC}") = "FusionDedicated.Tests", "FusionDedicated.Tests\FusionDedicated.Tests.csproj", "{6134B4CE-7728-4471-AAD0-4169CA7C2CEC}"
EndProject
Global
	GlobalSection(SolutionConfigurationPlatforms) = preSolution
		Debug|Any CPU = Debug|Any CPU
		Debug|x64 = Debug|x64
		Debug|x86 = Debug|x86
		Release|Any CPU = Release|Any CPU
		Release|x64 = Release|x64
		Release|x86 = Release|x86
	EndGlobalSection
	GlobalSection(ProjectConfigurationPlatforms) = postSolution
		{4F4A469F-38B5-4013-AC28-B589E9DFB313}.Debug|Any CPU.ActiveCfg = Debug|Any CPU
		{4F4A469F-38B5-4013-AC28-B589E9DFB313}.Debug|Any CPU.Build.0 = Debug|Any CPU
		{4F4A469F-38B5-4013-AC28-B589E9DFB313}.Debug|x64.ActiveCfg = Debug|Any CPU
		{4F4A469F-38B5-4013-AC28-B589E9DFB313}.Debug|x64.Build.0 = Debug|Any CPU
		{4F4A469F-38B5-4013-AC28-B589E9DFB313}.Debug|x86.ActiveCfg = Debug|Any CPU
		{4F4A469F-38B5-4013-AC28-B589E9DFB313}.Debug|x86.Build.0 = Debug|Any CPU
		{4F4A469F-38B5-4013-AC28-B589E9DFB313}.Release|Any CPU.ActiveCfg = Release|Any CPU
		{4F4A469F-38B5-4013-AC28-B589E9DFB313}.Release|Any CPU.Build.0 = Release|Any CPU
		{4F4A469F-38B5-4013-AC28-B589E9DFB313}.Release|x64.ActiveCfg = Release|Any CPU
		{4F4A469F-38B5-4013-AC28-B589E9DFB313}.Release|x64.Build.0 = Release|Any CPU
		{4F4A469F-38B5-4013-AC28-B589E9DFB313}.Release|x86.ActiveCfg = Release|Any CPU
		{4F4A469F-38B5-4013-AC28-B589E9DFB313}.Release|x86.Build.0 = Release|Any CPU
		{6134B4CE-7728-4471-AAD0-4169CA7C2CEC}.Debug|Any CPU.ActiveCfg = Debug|Any CPU
		{6134B4CE-7728-4471-AAD0-4169CA7C2CEC}.Debug|Any CPU.Build.0 = Debug|Any CPU
		{6134B4CE-7728-4471-AAD0-4169CA7C2CEC}.Debug|x64.ActiveCfg = Debug|Any CPU
		{6134B4CE-7728-4471-AAD0-4169CA7C2CEC}.Debug|x64.Build.0 = Debug|Any CPU
		{6134B4CE-7728-4471-AAD0-4169CA7C2CEC}.Debug|x86.ActiveCfg = Debug|Any CPU
		{6134B4CE-7728-4471-AAD0-4169CA7C2CEC}.Debug|x86.Build.0 = Debug|Any CPU
		{6134B4CE-7728-4471-AAD0-4169CA7C2CEC}.Release|Any CPU.ActiveCfg = Release|Any CPU
		{6134B4CE-7728-4471-AAD0-4169CA7C2CEC}.Release|Any CPU.Build.0 = Release|Any CPU
		{6134B4CE-7728-4471-AAD0-4169CA7C2CEC}.Release|x64.ActiveCfg = Release|Any CPU
		{6134B4CE-7728-4471-AAD0-4169CA7C2CEC}.Release|x64.Build.0 = Release|Any CPU
		{6134B4CE-7728-4471-AAD0-4169CA7C2CEC}.Release|x86.ActiveCfg = Release|Any CPU
		{6134B4CE-7728-4471-AAD0-4169CA7C2CEC}.Release|x86.Build.0 = Release|Any CPU
	EndGlobalSection
	GlobalSection(SolutionProperties) = preSolution
		HideSolutionNode = FALSE
	EndGlobalSection
EndGlobal
